{
    "_meta": {
        "hash": {
            "sha256": "6ab18b4ffd361194240ea3dcde885cd52d4fda5e31c613df0d01e5e25cb84062"
        },
        "pipfile-spec": 6,
        "requires": {
            "python_version": "3.10"
        },
        "sources": [
            {
                "name": "pypi",
                "url": "https://pypi.org/simple",
                "verify_ssl": true
            }
        ]
    },
    "default": {
        "robotframework": {
            "hashes": [
                "sha256:6441c774f274ae022a184165287d967a7c1bb0c5f96ff0005f0468f4c979fb2b",
                "sha256:7ea2454b847cfcb211e2906743c5c4a868ab096ab4ce1547ab102d91fb224443"
            ],
            "index": "pypi",
            "version": "==4.1.2"
        }
    },
    "develop": {}
}
